// !$*UTF8*$!
{
	archiveVersion = 1;
	classes = {
	};
	objectVersion = 46;
	objects = {

/* Begin PBXBuildFile section */
		5B6352B21A791B3600C13DF0 /* OBCTest.m in Sources */ = {isa = PBXBuildFile; fileRef = 5B6352B11A791B3600C13DF0 /* OBCTest.m */; };
		5B85E1AB1A963B290037F82D /* category.json in Resources */ = {isa = PBXBuildFile; fileRef = 5B85E1AA1A963B290037F82D /* category.json */; };
		5B85E1AE1A963B620037F82D /* OBCCategory.m in Sources */ = {isa = PBXBuildFile; fileRef = 5B85E1AD1A963B620037F82D /* OBCCategory.m */; };
		5BA77FFA1A9738EE00192FD9 /* OBCCategory+RPC.m in Sources */ = {isa = PBXBuildFile; fileRef = 5BA77FF91A9738EE00192FD9 /* OBCCategory+RPC.m */; };
		5BA77FFC1A97671500192FD9 /* ifacegen_category_test.swift in Sources */ = {isa = PBXBuildFile; fileRef = 5BA77FFB1A97671500192FD9 /* ifacegen_category_test.swift */; };
		5BC93E471A77A1C500A6C3F6 /* ifacegen_transport_test.swift in Sources */ = {isa = PBXBuildFile; fileRef = 5BC93E461A77A1C500A6C3F6 /* ifacegen_transport_test.swift */; };
		5BE09E7E1A2475BC00AEC506 /* ifacegen_test_test.swift in Sources */ = {isa = PBXBuildFile; fileRef = 5BE09E7D1A2475BC00AEC506 /* ifacegen_test_test.swift */; };
		5BE09E8B1A24771A00AEC506 /* IFHTTPTransport.m in Sources */ = {isa = PBXBuildFile; fileRef = 5BE09E881A24771A00AEC506 /* IFHTTPTransport.m */; };
		5BE8D5631A8CA664007E4146 /* OBCTypes.m in Sources */ = {isa = PBXBuildFile; fileRef = 5BE8D5611A8CA664007E4146 /* OBCTypes.m */; };
		5BE8D5641A8CA664007E4146 /* types.json in Resources */ = {isa = PBXBuildFile; fileRef = 5BE8D5621A8CA664007E4146 /* types.json */; };
		C1C20A291A9B6C9E00A4D192 /* IFServiceClient.m in Sources */ = {isa = PBXBuildFile; fileRef = C1C20A281A9B6C9E00A4D192 /* IFServiceClient.m */; };
		C1C75DAB1AA0983600BCBDBF /* IFServiceClient+Protected.m in Sources */ = {isa = PBXBuildFile; fileRef = C1C75DAA1AA0983600BCBDBF /* IFServiceClient+Protected.m */; };
		C1C75DAD1AA1F7C700BCBDBF /* test_transport_response.json in Resources */ = {isa = PBXBuildFile; fileRef = C1C75DAC1AA1F7C700BCBDBF /* test_transport_response.json */; };
		C1C75DAF1AA3D1EC00BCBDBF /* test_category_data.json in Resources */ = {isa = PBXBuildFile; fileRef = C1C75DAE1AA3D1EC00BCBDBF /* test_category_data.json */; };
/* End PBXBuildFile section */

/* Begin PBXFileReference section */
		5B6352B01A791B3600C13DF0 /* OBCTest.h */ = {isa = PBXFileReference; fileEncoding = 4; lastKnownFileType = sourcecode.c.h; path = OBCTest.h; sourceTree = "<group>"; };
		5B6352B11A791B3600C13DF0 /* OBCTest.m */ = {isa = PBXFileReference; fileEncoding = 4; lastKnownFileType = sourcecode.c.objc; path = OBCTest.m; sourceTree = "<group>"; };
		5B85E1AA1A963B290037F82D /* category.json */ = {isa = PBXFileReference; fileEncoding = 4; lastKnownFileType = text.json; path = category.json; sourceTree = "<group>"; };
		5B85E1AC1A963B620037F82D /* OBCCategory.h */ = {isa = PBXFileReference; fileEncoding = 4; lastKnownFileType = sourcecode.c.h; path = OBCCategory.h; sourceTree = "<group>"; };
		5B85E1AD1A963B620037F82D /* OBCCategory.m */ = {isa = PBXFileReference; fileEncoding = 4; lastKnownFileType = sourcecode.c.objc; path = OBCCategory.m; sourceTree = "<group>"; };
		5BA77FF81A9738EE00192FD9 /* OBCCategory+RPC.h */ = {isa = PBXFileReference; fileEncoding = 4; lastKnownFileType = sourcecode.c.h; path = "OBCCategory+RPC.h"; sourceTree = "<group>"; };
		5BA77FF91A9738EE00192FD9 /* OBCCategory+RPC.m */ = {isa = PBXFileReference; fileEncoding = 4; lastKnownFileType = sourcecode.c.objc; path = "OBCCategory+RPC.m"; sourceTree = "<group>"; };
		5BA77FFB1A97671500192FD9 /* ifacegen_category_test.swift */ = {isa = PBXFileReference; fileEncoding = 4; lastKnownFileType = sourcecode.swift; path = ifacegen_category_test.swift; sourceTree = "<group>"; };
		5BC93E441A779E6D00A6C3F6 /* test.json */ = {isa = PBXFileReference; fileEncoding = 4; lastKnownFileType = text.json; path = test.json; sourceTree = "<group>"; };
		5BC93E461A77A1C500A6C3F6 /* ifacegen_transport_test.swift */ = {isa = PBXFileReference; fileEncoding = 4; lastKnownFileType = sourcecode.swift; path = ifacegen_transport_test.swift; sourceTree = "<group>"; };
		5BC93E481A77A22D00A6C3F6 /* test-Bridging.h */ = {isa = PBXFileReference; fileEncoding = 4; lastKnownFileType = sourcecode.c.h; path = "test-Bridging.h"; sourceTree = "<group>"; };
		5BE09E781A2475BC00AEC506 /* ifacegen.test.test.xctest */ = {isa = PBXFileReference; explicitFileType = wrapper.cfbundle; includeInIndex = 0; path = ifacegen.test.test.xctest; sourceTree = BUILT_PRODUCTS_DIR; };
		5BE09E7C1A2475BC00AEC506 /* Info.plist */ = {isa = PBXFileReference; lastKnownFileType = text.plist.xml; path = Info.plist; sourceTree = "<group>"; };
		5BE09E7D1A2475BC00AEC506 /* ifacegen_test_test.swift */ = {isa = PBXFileReference; lastKnownFileType = sourcecode.swift; path = ifacegen_test_test.swift; sourceTree = "<group>"; };
		5BE09E871A24771A00AEC506 /* IFHTTPTransport.h */ = {isa = PBXFileReference; fileEncoding = 4; lastKnownFileType = sourcecode.c.h; name = IFHTTPTransport.h; path = ../transport/IFHTTPTransport.h; sourceTree = "<group>"; };
		5BE09E881A24771A00AEC506 /* IFHTTPTransport.m */ = {isa = PBXFileReference; fileEncoding = 4; lastKnownFileType = sourcecode.c.objc; name = IFHTTPTransport.m; path = ../transport/IFHTTPTransport.m; sourceTree = "<group>"; };
		5BE09E891A24771A00AEC506 /* IFHTTPTransport+Protected.h */ = {isa = PBXFileReference; fileEncoding = 4; lastKnownFileType = sourcecode.c.h; name = "IFHTTPTransport+Protected.h"; path = "../transport/IFHTTPTransport+Protected.h"; sourceTree = "<group>"; };
		5BE09E8A1A24771A00AEC506 /* IFTransport.h */ = {isa = PBXFileReference; fileEncoding = 4; lastKnownFileType = sourcecode.c.h; name = IFTransport.h; path = ../transport/IFTransport.h; sourceTree = "<group>"; };
		5BE8D5601A8CA664007E4146 /* OBCTypes.h */ = {isa = PBXFileReference; fileEncoding = 4; lastKnownFileType = sourcecode.c.h; path = OBCTypes.h; sourceTree = "<group>"; };
		5BE8D5611A8CA664007E4146 /* OBCTypes.m */ = {isa = PBXFileReference; fileEncoding = 4; lastKnownFileType = sourcecode.c.objc; path = OBCTypes.m; sourceTree = "<group>"; };
		5BE8D5621A8CA664007E4146 /* types.json */ = {isa = PBXFileReference; fileEncoding = 4; lastKnownFileType = text.json; path = types.json; sourceTree = "<group>"; };
		C1C20A271A9B6C9E00A4D192 /* IFServiceClient.h */ = {isa = PBXFileReference; fileEncoding = 4; lastKnownFileType = sourcecode.c.h; name = IFServiceClient.h; path = ../transport/IFServiceClient.h; sourceTree = "<group>"; };
		C1C20A281A9B6C9E00A4D192 /* IFServiceClient.m */ = {isa = PBXFileReference; fileEncoding = 4; lastKnownFileType = sourcecode.c.objc; name = IFServiceClient.m; path = ../transport/IFServiceClient.m; sourceTree = "<group>"; };
		C1C75DA91AA0983600BCBDBF /* IFServiceClient+Protected.h */ = {isa = PBXFileReference; fileEncoding = 4; lastKnownFileType = sourcecode.c.h; name = "IFServiceClient+Protected.h"; path = "../transport/IFServiceClient+Protected.h"; sourceTree = "<group>"; };
		C1C75DAA1AA0983600BCBDBF /* IFServiceClient+Protected.m */ = {isa = PBXFileReference; fileEncoding = 4; lastKnownFileType = sourcecode.c.objc; name = "IFServiceClient+Protected.m"; path = "../transport/IFServiceClient+Protected.m"; sourceTree = "<group>"; };
		C1C75DAC1AA1F7C700BCBDBF /* test_transport_response.json */ = {isa = PBXFileReference; fileEncoding = 4; lastKnownFileType = text.json; path = test_transport_response.json; sourceTree = "<group>"; };
		C1C75DAE1AA3D1EC00BCBDBF /* test_category_data.json */ = {isa = PBXFileReference; fileEncoding = 4; lastKnownFileType = text.json; path = test_category_data.json; sourceTree = "<group>"; };
/* End PBXFileReference section */

/* Begin PBXFrameworksBuildPhase section */
		5BE09E751A2475BC00AEC506 /* Frameworks */ = {
			isa = PBXFrameworksBuildPhase;
			buildActionMask = 2147483647;
			files = (
			);
			runOnlyForDeploymentPostprocessing = 0;
		};
/* End PBXFrameworksBuildPhase section */

/* Begin PBXGroup section */
		5BE09E6D1A24753C00AEC506 = {
			isa = PBXGroup;
			children = (
				5BE09E861A24770000AEC506 /* ifacegen */,
				5BE09E7A1A2475BC00AEC506 /* ifacegen.test.test */,
				5BE09E791A2475BC00AEC506 /* Products */,
			);
			sourceTree = "<group>";
		};
		5BE09E791A2475BC00AEC506 /* Products */ = {
			isa = PBXGroup;
			children = (
				5BE09E781A2475BC00AEC506 /* ifacegen.test.test.xctest */,
			);
			name = Products;
			sourceTree = "<group>";
		};
		5BE09E7A1A2475BC00AEC506 /* ifacegen.test.test */ = {
			isa = PBXGroup;
			children = (
				5BA77FF81A9738EE00192FD9 /* OBCCategory+RPC.h */,
				5BA77FF91A9738EE00192FD9 /* OBCCategory+RPC.m */,
				5B85E1AC1A963B620037F82D /* OBCCategory.h */,
				5B85E1AD1A963B620037F82D /* OBCCategory.m */,
				5BE8D5601A8CA664007E4146 /* OBCTypes.h */,
				5BE8D5611A8CA664007E4146 /* OBCTypes.m */,
				5B6352B01A791B3600C13DF0 /* OBCTest.h */,
				5B6352B11A791B3600C13DF0 /* OBCTest.m */,
				5BC93E481A77A22D00A6C3F6 /* test-Bridging.h */,
				5BE8D5621A8CA664007E4146 /* types.json */,
				5BC93E441A779E6D00A6C3F6 /* test.json */,
				5B85E1AA1A963B290037F82D /* category.json */,
				C1C75DAC1AA1F7C700BCBDBF /* test_transport_response.json */,
				C1C75DAE1AA3D1EC00BCBDBF /* test_category_data.json */,
				5BE09E7D1A2475BC00AEC506 /* ifacegen_test_test.swift */,
				5BC93E461A77A1C500A6C3F6 /* ifacegen_transport_test.swift */,
				5BA77FFB1A97671500192FD9 /* ifacegen_category_test.swift */,
				5BE09E7B1A2475BC00AEC506 /* Supporting Files */,
			);
			path = ifacegen.test.test;
			sourceTree = "<group>";
		};
		5BE09E7B1A2475BC00AEC506 /* Supporting Files */ = {
			isa = PBXGroup;
			children = (
				5BE09E7C1A2475BC00AEC506 /* Info.plist */,
			);
			name = "Supporting Files";
			sourceTree = "<group>";
		};
		5BE09E861A24770000AEC506 /* ifacegen */ = {
			isa = PBXGroup;
			children = (
				5BE09E871A24771A00AEC506 /* IFHTTPTransport.h */,
				5BE09E881A24771A00AEC506 /* IFHTTPTransport.m */,
				5BE09E891A24771A00AEC506 /* IFHTTPTransport+Protected.h */,
				5BE09E8A1A24771A00AEC506 /* IFTransport.h */,
				C1C20A271A9B6C9E00A4D192 /* IFServiceClient.h */,
				C1C20A281A9B6C9E00A4D192 /* IFServiceClient.m */,
				C1C75DA91AA0983600BCBDBF /* IFServiceClient+Protected.h */,
				C1C75DAA1AA0983600BCBDBF /* IFServiceClient+Protected.m */,
			);
			name = ifacegen;
			sourceTree = "<group>";
		};
/* End PBXGroup section */

/* Begin PBXNativeTarget section */
		5BE09E771A2475BC00AEC506 /* ifacegen.test.test */ = {
			isa = PBXNativeTarget;
			buildConfigurationList = 5BE09E811A2475BC00AEC506 /* Build configuration list for PBXNativeTarget "ifacegen.test.test" */;
			buildPhases = (
				5BE09E821A24769000AEC506 /* ShellScript */,
				5BE09E741A2475BC00AEC506 /* Sources */,
				5BE09E751A2475BC00AEC506 /* Frameworks */,
				5BE09E761A2475BC00AEC506 /* Resources */,
			);
			buildRules = (
			);
			dependencies = (
			);
			name = ifacegen.test.test;
			productName = ifacegen.test.test;
			productReference = 5BE09E781A2475BC00AEC506 /* ifacegen.test.test.xctest */;
			productType = "com.apple.product-type.bundle.unit-test";
		};
/* End PBXNativeTarget section */

/* Begin PBXProject section */
		5BE09E6E1A24753C00AEC506 /* Project object */ = {
			isa = PBXProject;
			attributes = {
				LastUpgradeCheck = 0610;
				TargetAttributes = {
					5BE09E771A2475BC00AEC506 = {
						CreatedOnToolsVersion = 6.1;
					};
				};
			};
			buildConfigurationList = 5BE09E711A24753C00AEC506 /* Build configuration list for PBXProject "ifacegen.test" */;
			compatibilityVersion = "Xcode 3.2";
			developmentRegion = English;
			hasScannedForEncodings = 0;
			knownRegions = (
				en,
			);
			mainGroup = 5BE09E6D1A24753C00AEC506;
			productRefGroup = 5BE09E791A2475BC00AEC506 /* Products */;
			projectDirPath = "";
			projectRoot = "";
			targets = (
				5BE09E771A2475BC00AEC506 /* ifacegen.test.test */,
			);
		};
/* End PBXProject section */

/* Begin PBXResourcesBuildPhase section */
		5BE09E761A2475BC00AEC506 /* Resources */ = {
			isa = PBXResourcesBuildPhase;
			buildActionMask = 2147483647;
			files = (
				C1C75DAD1AA1F7C700BCBDBF /* test_transport_response.json in Resources */,
				C1C75DAF1AA3D1EC00BCBDBF /* test_category_data.json in Resources */,
				5BE8D5641A8CA664007E4146 /* types.json in Resources */,
				5B85E1AB1A963B290037F82D /* category.json in Resources */,
			);
			runOnlyForDeploymentPostprocessing = 0;
		};
/* End PBXResourcesBuildPhase section */

/* Begin PBXShellScriptBuildPhase section */
		5BE09E821A24769000AEC506 /* ShellScript */ = {
			isa = PBXShellScriptBuildPhase;
			buildActionMask = 2147483647;
			files = (
			);
			inputPaths = (
			);
			outputPaths = (
			);
			runOnlyForDeploymentPostprocessing = 0;
			shellPath = /bin/sh;
			shellScript = "python ../generator/ifacegen.py -o ifacegen.test.test/ --prefix OBC --verbose ifacegen.test.test/test.json ifacegen.test.test/types.json\npython ../generator/ifacegen.py -o ifacegen.test.test/ --prefix OBC --verbose --category RPC ifacegen.test.test/category.json";
		};
/* End PBXShellScriptBuildPhase section */

/* Begin PBXSourcesBuildPhase section */
		5BE09E741A2475BC00AEC506 /* Sources */ = {
			isa = PBXSourcesBuildPhase;
			buildActionMask = 2147483647;
			files = (
				C1C75DAB1AA0983600BCBDBF /* IFServiceClient+Protected.m in Sources */,
				5B6352B21A791B3600C13DF0 /* OBCTest.m in Sources */,
				5BA77FFA1A9738EE00192FD9 /* OBCCategory+RPC.m in Sources */,
				5BE09E8B1A24771A00AEC506 /* IFHTTPTransport.m in Sources */,
				5BC93E471A77A1C500A6C3F6 /* ifacegen_transport_test.swift in Sources */,
				5BE09E7E1A2475BC00AEC506 /* ifacegen_test_test.swift in Sources */,
				5BA77FFC1A97671500192FD9 /* ifacegen_category_test.swift in Sources */,
				5B85E1AE1A963B620037F82D /* OBCCategory.m in Sources */,
				5BE8D5631A8CA664007E4146 /* OBCTypes.m in Sources */,
				C1C20A291A9B6C9E00A4D192 /* IFServiceClient.m in Sources */,
			);
			runOnlyForDeploymentPostprocessing = 0;
		};
/* End PBXSourcesBuildPhase section */

/* Begin XCBuildConfiguration section */
		5BE09E721A24753C00AEC506 /* Debug */ = {
			isa = XCBuildConfiguration;
			buildSettings = {
			};
			name = Debug;
		};
		5BE09E731A24753C00AEC506 /* Release */ = {
			isa = XCBuildConfiguration;
			buildSettings = {
			};
			name = Release;
		};
		5BE09E7F1A2475BC00AEC506 /* Debug */ = {
			isa = XCBuildConfiguration;
			buildSettings = {
				ALWAYS_SEARCH_USER_PATHS = NO;
				CLANG_CXX_LANGUAGE_STANDARD = "gnu++0x";
				CLANG_CXX_LIBRARY = "libc++";
				CLANG_ENABLE_MODULES = YES;
				CLANG_ENABLE_OBJC_ARC = YES;
				CLANG_WARN_BOOL_CONVERSION = YES;
				CLANG_WARN_CONSTANT_CONVERSION = YES;
				CLANG_WARN_DIRECT_OBJC_ISA_USAGE = YES_ERROR;
				CLANG_WARN_EMPTY_BODY = YES;
				CLANG_WARN_ENUM_CONVERSION = YES;
				CLANG_WARN_INT_CONVERSION = YES;
				CLANG_WARN_OBJC_ROOT_CLASS = YES_ERROR;
				CLANG_WARN_UNREACHABLE_CODE = YES;
				CLANG_WARN__DUPLICATE_METHOD_MATCH = YES;
				COPY_PHASE_STRIP = NO;
				ENABLE_STRICT_OBJC_MSGSEND = YES;
				FRAMEWORK_SEARCH_PATHS = (
					"$(SDKROOT)/Developer/Library/Frameworks",
					"$(inherited)",
				);
				GCC_C_LANGUAGE_STANDARD = gnu99;
				GCC_DYNAMIC_NO_PIC = NO;
				GCC_OPTIMIZATION_LEVEL = 0;
				GCC_PREPROCESSOR_DEFINITIONS = (
					"DEBUG=1",
					"$(inherited)",
				);
				GCC_SYMBOLS_PRIVATE_EXTERN = NO;
				GCC_WARN_64_TO_32_BIT_CONVERSION = YES;
				GCC_WARN_ABOUT_RETURN_TYPE = YES_ERROR;
				GCC_WARN_UNDECLARED_SELECTOR = YES;
				GCC_WARN_UNINITIALIZED_AUTOS = YES_AGGRESSIVE;
				GCC_WARN_UNUSED_FUNCTION = YES;
				GCC_WARN_UNUSED_VARIABLE = YES;
				INFOPLIST_FILE = ifacegen.test.test/Info.plist;
				IPHONEOS_DEPLOYMENT_TARGET = 8.1;
				LD_RUNPATH_SEARCH_PATHS = "$(inherited) @executable_path/Frameworks @loader_path/Frameworks";
				MTL_ENABLE_DEBUG_INFO = YES;
				ONLY_ACTIVE_ARCH = YES;
				PRODUCT_NAME = "$(TARGET_NAME)";
				SDKROOT = iphoneos;
				SWIFT_OBJC_BRIDGING_HEADER = "ifacegen.test.test/test-Bridging.h";
				SWIFT_OPTIMIZATION_LEVEL = "-Onone";
			};
			name = Debug;
		};
		5BE09E801A2475BC00AEC506 /* Release */ = {
			isa = XCBuildConfiguration;
			buildSettings = {
				ALWAYS_SEARCH_USER_PATHS = NO;
				CLANG_CXX_LANGUAGE_STANDARD = "gnu++0x";
				CLANG_CXX_LIBRARY = "libc++";
				CLANG_ENABLE_MODULES = YES;
				CLANG_ENABLE_OBJC_ARC = YES;
				CLANG_WARN_BOOL_CONVERSION = YES;
				CLANG_WARN_CONSTANT_CONVERSION = YES;
				CLANG_WARN_DIRECT_OBJC_ISA_USAGE = YES_ERROR;
				CLANG_WARN_EMPTY_BODY = YES;
				CLANG_WARN_ENUM_CONVERSION = YES;
				CLANG_WARN_INT_CONVERSION = YES;
				CLANG_WARN_OBJC_ROOT_CLASS = YES_ERROR;
				CLANG_WARN_UNREACHABLE_CODE = YES;
				CLANG_WARN__DUPLICATE_METHOD_MATCH = YES;
				COPY_PHASE_STRIP = YES;
				ENABLE_NS_ASSERTIONS = NO;
				ENABLE_STRICT_OBJC_MSGSEND = YES;
				FRAMEWORK_SEARCH_PATHS = (
					"$(SDKROOT)/Developer/Library/Frameworks",
					"$(inherited)",
				);
				GCC_C_LANGUAGE_STANDARD = gnu99;
				GCC_WARN_64_TO_32_BIT_CONVERSION = YES;
				GCC_WARN_ABOUT_RETURN_TYPE = YES_ERROR;
				GCC_WARN_UNDECLARED_SELECTOR = YES;
				GCC_WARN_UNINITIALIZED_AUTOS = YES_AGGRESSIVE;
				GCC_WARN_UNUSED_FUNCTION = YES;
				GCC_WARN_UNUSED_VARIABLE = YES;
				INFOPLIST_FILE = ifacegen.test.test/Info.plist;
				IPHONEOS_DEPLOYMENT_TARGET = 8.1;
				LD_RUNPATH_SEARCH_PATHS = "$(inherited) @executable_path/Frameworks @loader_path/Frameworks";
				MTL_ENABLE_DEBUG_INFO = NO;
				PRODUCT_NAME = "$(TARGET_NAME)";
				SDKROOT = iphoneos;
				SWIFT_OBJC_BRIDGING_HEADER = "ifacegen.test.test/test-Bridging.h";
				VALIDATE_PRODUCT = YES;
			};
			name = Release;
		};
/* End XCBuildConfiguration section */

/* Begin XCConfigurationList section */
		5BE09E711A24753C00AEC506 /* Build configuration list for PBXProject "ifacegen.test" */ = {
			isa = XCConfigurationList;
			buildConfigurations = (
				5BE09E721A24753C00AEC506 /* Debug */,
				5BE09E731A24753C00AEC506 /* Release */,
			);
			defaultConfigurationIsVisible = 0;
			defaultConfigurationName = Release;
		};
		5BE09E811A2475BC00AEC506 /* Build configuration list for PBXNativeTarget "ifacegen.test.test" */ = {
			isa = XCConfigurationList;
			buildConfigurations = (
				5BE09E7F1A2475BC00AEC506 /* Debug */,
				5BE09E801A2475BC00AEC506 /* Release */,
			);
			defaultConfigurationIsVisible = 0;
			defaultConfigurationName = Release;
		};
/* End XCConfigurationList section */
	};
	rootObject = 5BE09E6E1A24753C00AEC506 /* Project object */;
}
